
Microsoft Visual Studio Solution File, Format Version 12.00
# Visual Studio Version 17
VisualStudioVersion = 17.1.32319.34
MinimumVisualStudioVersion = 10.0.40219.1
Project("{FAE04EC0-301F-11D3-BF4B-00C04F79EFBC}") = "MenuItemListing", "MenuItemListing\MenuItemListing.csproj", "{D58D0264-EBBB-434C-999E-D619B1B76583}"
EndProject
Global
	GlobalSection(SolutionConfigurationPlatforms) = preSolution
		Debug|Any CPU = Debug|Any CPU
		Release|Any CPU = Release|Any CPU
	EndGlobalSection
	GlobalSection(ProjectConfigurationPlatforms) = postSolution
		{D58D0264-EBBB-434C-999E-D619B1B76583}.Debug|Any CPU.ActiveCfg = Debug|Any CPU
		{D58D0264-EBBB-434C-999E-D619B1B76583}.Debug|Any CPU.Build.0 = Debug|Any CPU
		{D58D0264-EBBB-434C-999E-D619B1B76583}.Release|Any CPU.ActiveCfg = Release|Any CPU
		{D58D0264-EBBB-434C-999E-D619B1B76583}.Release|Any CPU.Build.0 = Release|Any CPU
	EndGlobalSection
	GlobalSection(SolutionProperties) = preSolution
		HideSolutionNode = FALSE
	EndGlobalSection
	GlobalSection(ExtensibilityGlobals) = postSolution
		SolutionGuid = {CEDEC935-7E47-4901-A93B-46B92C52A4DA}
	EndGlobalSection
EndGlobal
